
Microsoft Visual Studio Solution File, Format Version 12.00
# Visual Studio Version 16
VisualStudioVersion = 16.0.29609.76
MinimumVisualStudioVersion = 10.0.40219.1
Project("{2150E333-8FDC-42A3-9474-1A3956D46DE8}") = "src", "src", "{709CF0D4-DBFE-46E7-B797-09B67BF95F87}"
EndProject
Project("{2150E333-8FDC-42A3-9474-1A3956D46DE8}") = "test", "test", "{585AC245-8B6E-4F5E-8EEF-D4125EF88880}"
EndProject
Project("{2150E333-8FDC-42A3-9474-1A3956D46DE8}") = "nuget", "nuget", "{3D7345E7-A59D-409F-8649-927EF2AD9794}"
	ProjectSection(SolutionItems) = preProject
		nuget\TauCode.Mq.Autofac.nuspec = nuget\TauCode.Mq.Autofac.nuspec
	EndProjectSection
EndProject
Project("{2150E333-8FDC-42A3-9474-1A3956D46DE8}") = "misc", "misc", "{86DFAC41-2BA0-4A11-85D1-12712E3BB72C}"
	ProjectSection(SolutionItems) = preProject
		misc\changelog.txt = misc\changelog.txt
		misc\todo.txt = misc\todo.txt
	EndProjectSection
EndProject
Project("{9A19103F-16F7-4668-BE54-9A1E7A4F7556}") = "TauCode.Mq.Autofac", "src\TauCode.Mq.Autofac\TauCode.Mq.Autofac.csproj", "{17F5E226-9664-444F-AD7A-E768F6479A15}"
EndProject
Project("{2150E333-8FDC-42A3-9474-1A3956D46DE8}") = "build", "build", "{7D130D8B-8711-46F5-9244-1F73FE0542FB}"
	ProjectSection(SolutionItems) = preProject
		build\azure-pipelines-dev.yml = build\azure-pipelines-dev.yml
		build\azure-pipelines.yml = build\azure-pipelines.yml
	EndProjectSection
EndProject
Project("{9A19103F-16F7-4668-BE54-9A1E7A4F7556}") = "TauCode.Mq.Autofac.Tests", "test\TauCode.Mq.Autofac.Tests\TauCode.Mq.Autofac.Tests.csproj", "{D2D66990-6236-4C06-B31C-A0AE3A5B53A3}"
EndProject
Project("{2150E333-8FDC-42A3-9474-1A3956D46DE8}") = "test-lab", "test-lab", "{04684F70-D5CF-40F3-9F86-917940B293D8}"
EndProject
Project("{2150E333-8FDC-42A3-9474-1A3956D46DE8}") = "src-lab", "src-lab", "{1FA00521-05C9-41C3-BC13-5F9EA990DA3C}"
EndProject
Project("{9A19103F-16F7-4668-BE54-9A1E7A4F7556}") = "TauCode.Lab.Mq.NHibernate", "src-lab\TauCode.Lab.Mq.NHibernate\TauCode.Lab.Mq.NHibernate.csproj", "{569FF750-8AE5-47AD-B139-44492AF58E42}"
EndProject
Project("{9A19103F-16F7-4668-BE54-9A1E7A4F7556}") = "TauCode.Lab.Mq.NHibernate.Tests.App", "test-lab\TauCode.Lab.Mq.NHibernate.Tests.App\TauCode.Lab.Mq.NHibernate.Tests.App.csproj", "{4EFA9D9B-C738-4144-B173-0403EA4EF06D}"
EndProject
Project("{FAE04EC0-301F-11D3-BF4B-00C04F79EFBC}") = "TauCode.Lab.Mq.NHibernate.Tests.Integration", "test-lab\TauCode.Lab.Mq.NHibernate.Tests.Integration\TauCode.Lab.Mq.NHibernate.Tests.Integration.csproj", "{98606E87-0E87-4D0F-A4E7-046DC525F52F}"
EndProject
Global
	GlobalSection(SolutionConfigurationPlatforms) = preSolution
		Debug|Any CPU = Debug|Any CPU
		Release|Any CPU = Release|Any CPU
	EndGlobalSection
	GlobalSection(ProjectConfigurationPlatforms) = postSolution
		{17F5E226-9664-444F-AD7A-E768F6479A15}.Debug|Any CPU.ActiveCfg = Debug|Any CPU
		{17F5E226-9664-444F-AD7A-E768F6479A15}.Debug|Any CPU.Build.0 = Debug|Any CPU
		{17F5E226-9664-444F-AD7A-E768F6479A15}.Release|Any CPU.ActiveCfg = Release|Any CPU
		{17F5E226-9664-444F-AD7A-E768F6479A15}.Release|Any CPU.Build.0 = Release|Any CPU
		{D2D66990-6236-4C06-B31C-A0AE3A5B53A3}.Debug|Any CPU.ActiveCfg = Debug|Any CPU
		{D2D66990-6236-4C06-B31C-A0AE3A5B53A3}.Debug|Any CPU.Build.0 = Debug|Any CPU
		{D2D66990-6236-4C06-B31C-A0AE3A5B53A3}.Release|Any CPU.ActiveCfg = Release|Any CPU
		{D2D66990-6236-4C06-B31C-A0AE3A5B53A3}.Release|Any CPU.Build.0 = Release|Any CPU
		{569FF750-8AE5-47AD-B139-44492AF58E42}.Debug|Any CPU.ActiveCfg = Debug|Any CPU
		{569FF750-8AE5-47AD-B139-44492AF58E42}.Debug|Any CPU.Build.0 = Debug|Any CPU
		{569FF750-8AE5-47AD-B139-44492AF58E42}.Release|Any CPU.ActiveCfg = Release|Any CPU
		{569FF750-8AE5-47AD-B139-44492AF58E42}.Release|Any CPU.Build.0 = Release|Any CPU
		{4EFA9D9B-C738-4144-B173-0403EA4EF06D}.Debug|Any CPU.ActiveCfg = Debug|Any CPU
		{4EFA9D9B-C738-4144-B173-0403EA4EF06D}.Debug|Any CPU.Build.0 = Debug|Any CPU
		{4EFA9D9B-C738-4144-B173-0403EA4EF06D}.Release|Any CPU.ActiveCfg = Release|Any CPU
		{4EFA9D9B-C738-4144-B173-0403EA4EF06D}.Release|Any CPU.Build.0 = Release|Any CPU
		{98606E87-0E87-4D0F-A4E7-046DC525F52F}.Debug|Any CPU.ActiveCfg = Debug|Any CPU
		{98606E87-0E87-4D0F-A4E7-046DC525F52F}.Debug|Any CPU.Build.0 = Debug|Any CPU
		{98606E87-0E87-4D0F-A4E7-046DC525F52F}.Release|Any CPU.ActiveCfg = Release|Any CPU
		{98606E87-0E87-4D0F-A4E7-046DC525F52F}.Release|Any CPU.Build.0 = Release|Any CPU
	EndGlobalSection
	GlobalSection(SolutionProperties) = preSolution
		HideSolutionNode = FALSE
	EndGlobalSection
	GlobalSection(NestedProjects) = preSolution
		{17F5E226-9664-444F-AD7A-E768F6479A15} = {709CF0D4-DBFE-46E7-B797-09B67BF95F87}
		{D2D66990-6236-4C06-B31C-A0AE3A5B53A3} = {585AC245-8B6E-4F5E-8EEF-D4125EF88880}
		{569FF750-8AE5-47AD-B139-44492AF58E42} = {1FA00521-05C9-41C3-BC13-5F9EA990DA3C}
		{4EFA9D9B-C738-4144-B173-0403EA4EF06D} = {04684F70-D5CF-40F3-9F86-917940B293D8}
		{98606E87-0E87-4D0F-A4E7-046DC525F52F} = {04684F70-D5CF-40F3-9F86-917940B293D8}
	EndGlobalSection
	GlobalSection(ExtensibilityGlobals) = postSolution
		SolutionGuid = {CA6859C8-B1CF-4CDF-A5FE-24E4FF8F85B8}
	EndGlobalSection
EndGlobal
